<?xml version="1.0" encoding="utf-8"?>
<Project ToolsVersion="4.0" xmlns="http://schemas.microsoft.com/developer/msbuild/2003">
  <ItemGroup>
    <Filter Include="Source Files">
      <UniqueIdentifier>{18dacef9-f268-4aac-9226-e5188adbf15d}</UniqueIdentifier>
      <Extensions>cpp;c;cxx;rc;def;r;odl;idl;hpj;bat</Extensions>
    </Filter>
    <Filter Include="Header Files">
      <UniqueIdentifier>{8e938a80-9e06-41bf-bf7c-a771acad75ec}</UniqueIdentifier>
      <Extensions>h;hpp;hxx;hm;inl</Extensions>
    </Filter>
    <Filter Include="Resource Files">
      <UniqueIdentifier>{a4843e61-d194-4514-96d9-95dd36a21b1b}</UniqueIdentifier>
      <Extensions>ico;cur;bmp;dlg;rc2;rct;bin;rgs;gif;jpg;jpeg;jpe</Extensions>
    </Filter>
    <Filter Include="common">
      <UniqueIdentifier>{fa1face6-a2e8-4b31-bdc7-8f5442db57fb}</UniqueIdentifier>
    </Filter>
  </ItemGroup>
  <ItemGroup>
    <ClCompile Include="BDHIDSCoreService.cpp">
      <Filter>Source Files</Filter>
    </ClCompile>
    <ClCompile Include="bdhidspred.cpp">
      <Filter>Source Files</Filter>
    </ClCompile>
    <ClCompile Include="BDHIDSService.cpp">
      <Filter>Source Files</Filter>
    </ClCompile>
    <ClCompile Include="cregistry.cpp">
      <Filter>Source Files</Filter>
    </ClCompile>
    <ClCompile Include="Sleeper.cpp">
      <Filter>Source Files</Filter>
    </ClCompile>
    <ClCompile Include="StdAfx.cpp">
      <Filter>Source Files</Filter>
    </ClCompile>
    <ClCompile Include="..\..\public\common\Utils.cpp">
      <Filter>common</Filter>
    </ClCompile>
  </ItemGroup>
  <ItemGroup>
    <ResourceCompile Include="bdhidspred.rc">
      <Filter>Source Files</Filter>
    </ResourceCompile>
  </ItemGroup>
  <ItemGroup>
    <ClInclude Include="BDHIDSCoreService.h">
      <Filter>Header Files</Filter>
    </ClInclude>
    <ClInclude Include="bdhidspred.h">
      <Filter>Header Files</Filter>
    </ClInclude>
    <ClInclude Include="BDHIDSService.h">
      <Filter>Header Files</Filter>
    </ClInclude>
    <ClInclude Include="cregistry.h">
      <Filter>Header Files</Filter>
    </ClInclude>
    <ClInclude Include="Resource.h">
      <Filter>Header Files</Filter>
    </ClInclude>
    <ClInclude Include="Sleeper.h">
      <Filter>Header Files</Filter>
    </ClInclude>
    <ClInclude Include="StdAfx.h">
      <Filter>Header Files</Filter>
    </ClInclude>
    <ClInclude Include="..\..\public\common\Utils.h">
      <Filter>common</Filter>
    </ClInclude>
  </ItemGroup>
  <ItemGroup>
    <Image Include="DevMon.ico">
      <Filter>Resource Files</Filter>
    </Image>
  </ItemGroup>
  <ItemGroup>
    <Text Include="ReadMe.txt" />
  </ItemGroup>
</Project>